// !$*UTF8*$!
{
	archiveVersion = 1;
	classes = {
	};
	objectVersion = 56;
	objects = {

/* Begin PBXBuildFile section */
		3A02A3782BC9F69D0026829C /* Mood_swingsApp.swift in Sources */ = {isa = PBXBuildFile; fileRef = 3A02A3772BC9F69D0026829C /* Mood_swingsApp.swift */; };
		3A02A37A2BC9F69D0026829C /* JournalEntriesListView.swift in Sources */ = {isa = PBXBuildFile; fileRef = 3A02A3792BC9F69D0026829C /* JournalEntriesListView.swift */; };
		3A02A37C2BC9F6A00026829C /* Assets.xcassets in Resources */ = {isa = PBXBuildFile; fileRef = 3A02A37B2BC9F6A00026829C /* Assets.xcassets */; };
		3A02A37F2BC9F6A00026829C /* Preview Assets.xcassets in Resources */ = {isa = PBXBuildFile; fileRef = 3A02A37E2BC9F6A00026829C /* Preview Assets.xcassets */; };
		3A02A3862BCC07640026829C /* JournalEntry.swift in Sources */ = {isa = PBXBuildFile; fileRef = 3A02A3852BCC07640026829C /* JournalEntry.swift */; };
		3A82468F2BEFFBC4001FC8B1 /* CreateJournalEntryView.swift in Sources */ = {isa = PBXBuildFile; fileRef = 3A82468E2BEFFBC4001FC8B1 /* CreateJournalEntryView.swift */; };
		3A8246912BF10C4A001FC8B1 /* EditJournalEntryView.swift in Sources */ = {isa = PBXBuildFile; fileRef = 3A8246902BF10C4A001FC8B1 /* EditJournalEntryView.swift */; };
		3A8246932BF3CB43001FC8B1 /* ChartsView.swift in Sources */ = {isa = PBXBuildFile; fileRef = 3A8246922BF3CB43001FC8B1 /* ChartsView.swift */; };
		3A8246992BF3CCBD001FC8B1 /* ContentView.swift in Sources */ = {isa = PBXBuildFile; fileRef = 3A8246982BF3CCBD001FC8B1 /* ContentView.swift */; };
		3A82469B2BF41CEA001FC8B1 /* AdviceView.swift in Sources */ = {isa = PBXBuildFile; fileRef = 3A82469A2BF41CEA001FC8B1 /* AdviceView.swift */; };
		3AFE11942BE6A70B0090CEDC /* JournalEntryDetailView.swift in Sources */ = {isa = PBXBuildFile; fileRef = 3AFE11932BE6A70B0090CEDC /* JournalEntryDetailView.swift */; };
		3AFE11962BE7E1BF0090CEDC /* JournalEntryRowView.swift in Sources */ = {isa = PBXBuildFile; fileRef = 3AFE11952BE7E1BF0090CEDC /* JournalEntryRowView.swift */; };
/* End PBXBuildFile section */

/* Begin PBXFileReference section */
		3A02A3742BC9F69D0026829C /* Mood swings.app */ = {isa = PBXFileReference; explicitFileType = wrapper.application; includeInIndex = 0; path = "Mood swings.app"; sourceTree = BUILT_PRODUCTS_DIR; };
		3A02A3772BC9F69D0026829C /* Mood_swingsApp.swift */ = {isa = PBXFileReference; lastKnownFileType = sourcecode.swift; path = Mood_swingsApp.swift; sourceTree = "<group>"; };
		3A02A3792BC9F69D0026829C /* JournalEntriesListView.swift */ = {isa = PBXFileReference; lastKnownFileType = sourcecode.swift; path = JournalEntriesListView.swift; sourceTree = "<group>"; };
		3A02A37B2BC9F6A00026829C /* Assets.xcassets */ = {isa = PBXFileReference; lastKnownFileType = folder.assetcatalog; path = Assets.xcassets; sourceTree = "<group>"; };
		3A02A37E2BC9F6A00026829C /* Preview Assets.xcassets */ = {isa = PBXFileReference; lastKnownFileType = folder.assetcatalog; path = "Preview Assets.xcassets"; sourceTree = "<group>"; };
		3A02A3852BCC07640026829C /* JournalEntry.swift */ = {isa = PBXFileReference; lastKnownFileType = sourcecode.swift; path = JournalEntry.swift; sourceTree = "<group>"; };
		3A82468E2BEFFBC4001FC8B1 /* CreateJournalEntryView.swift */ = {isa = PBXFileReference; lastKnownFileType = sourcecode.swift; path = CreateJournalEntryView.swift; sourceTree = "<group>"; };
		3A8246902BF10C4A001FC8B1 /* EditJournalEntryView.swift */ = {isa = PBXFileReference; lastKnownFileType = sourcecode.swift; path = EditJournalEntryView.swift; sourceTree = "<group>"; };
		3A8246922BF3CB43001FC8B1 /* ChartsView.swift */ = {isa = PBXFileReference; lastKnownFileType = sourcecode.swift; path = ChartsView.swift; sourceTree = "<group>"; };
		3A8246982BF3CCBD001FC8B1 /* ContentView.swift */ = {isa = PBXFileReference; lastKnownFileType = sourcecode.swift; path = ContentView.swift; sourceTree = "<group>"; };
		3A82469A2BF41CEA001FC8B1 /* AdviceView.swift */ = {isa = PBXFileReference; lastKnownFileType = sourcecode.swift; path = AdviceView.swift; sourceTree = "<group>"; };
		3AFE11932BE6A70B0090CEDC /* JournalEntryDetailView.swift */ = {isa = PBXFileReference; lastKnownFileType = sourcecode.swift; path = JournalEntryDetailView.swift; sourceTree = "<group>"; };
		3AFE11952BE7E1BF0090CEDC /* JournalEntryRowView.swift */ = {isa = PBXFileReference; lastKnownFileType = sourcecode.swift; path = JournalEntryRowView.swift; sourceTree = "<group>"; };
/* End PBXFileReference section */

/* Begin PBXFrameworksBuildPhase section */
		3A02A3712BC9F69D0026829C /* Frameworks */ = {
			isa = PBXFrameworksBuildPhase;
			buildActionMask = 2147483647;
			files = (
			);
			runOnlyForDeploymentPostprocessing = 0;
		};
/* End PBXFrameworksBuildPhase section */

/* Begin PBXGroup section */
		3A02A36B2BC9F69D0026829C = {
			isa = PBXGroup;
			children = (
				3A02A3762BC9F69D0026829C /* Mood swings */,
				3A02A3752BC9F69D0026829C /* Products */,
			);
			sourceTree = "<group>";
		};
		3A02A3752BC9F69D0026829C /* Products */ = {
			isa = PBXGroup;
			children = (
				3A02A3742BC9F69D0026829C /* Mood swings.app */,
			);
			name = Products;
			sourceTree = "<group>";
		};
		3A02A3762BC9F69D0026829C /* Mood swings */ = {
			isa = PBXGroup;
			children = (
				3A02A3772BC9F69D0026829C /* Mood_swingsApp.swift */,
				3A8246982BF3CCBD001FC8B1 /* ContentView.swift */,
				3A39F3122BFBE39500CA1AEF /* journal entries */,
				3A82469A2BF41CEA001FC8B1 /* AdviceView.swift */,
				3A8246922BF3CB43001FC8B1 /* ChartsView.swift */,
				3A02A37D2BC9F6A00026829C /* Preview Content */,
			);
			path = "Mood swings";
			sourceTree = "<group>";
		};
		3A02A37D2BC9F6A00026829C /* Preview Content */ = {
			isa = PBXGroup;
			children = (
				3A02A37B2BC9F6A00026829C /* Assets.xcassets */,
				3A02A37E2BC9F6A00026829C /* Preview Assets.xcassets */,
			);
			path = "Preview Content";
			sourceTree = "<group>";
		};
		3A39F3122BFBE39500CA1AEF /* journal entries */ = {
			isa = PBXGroup;
			children = (
				3A8246902BF10C4A001FC8B1 /* EditJournalEntryView.swift */,
				3A02A3792BC9F69D0026829C /* JournalEntriesListView.swift */,
				3A82468E2BEFFBC4001FC8B1 /* CreateJournalEntryView.swift */,
				3AFE11952BE7E1BF0090CEDC /* JournalEntryRowView.swift */,
				3AFE11932BE6A70B0090CEDC /* JournalEntryDetailView.swift */,
				3A02A3852BCC07640026829C /* JournalEntry.swift */,
			);
			path = "journal entries";
			sourceTree = "<group>";
		};
/* End PBXGroup section */

/* Begin PBXNativeTarget section */
		3A02A3732BC9F69D0026829C /* Mood swings */ = {
			isa = PBXNativeTarget;
			buildConfigurationList = 3A02A3822BC9F6A00026829C /* Build configuration list for PBXNativeTarget "Mood swings" */;
			buildPhases = (
				3A02A3702BC9F69D0026829C /* Sources */,
				3A02A3712BC9F69D0026829C /* Frameworks */,
				3A02A3722BC9F69D0026829C /* Resources */,
			);
			buildRules = (
			);
			dependencies = (
			);
			name = "Mood swings";
			productName = "Mood swings";
			productReference = 3A02A3742BC9F69D0026829C /* Mood swings.app */;
			productType = "com.apple.product-type.application";
		};
/* End PBXNativeTarget section */

/* Begin PBXProject section */
		3A02A36C2BC9F69D0026829C /* Project object */ = {
			isa = PBXProject;
			attributes = {
				BuildIndependentTargetsInParallel = 1;
				LastSwiftUpdateCheck = 1510;
				LastUpgradeCheck = 1510;
				TargetAttributes = {
					3A02A3732BC9F69D0026829C = {
						CreatedOnToolsVersion = 15.1;
					};
				};
			};
			buildConfigurationList = 3A02A36F2BC9F69D0026829C /* Build configuration list for PBXProject "Mood swings" */;
			compatibilityVersion = "Xcode 14.0";
			developmentRegion = en;
			hasScannedForEncodings = 0;
			knownRegions = (
				en,
				Base,
			);
			mainGroup = 3A02A36B2BC9F69D0026829C;
			productRefGroup = 3A02A3752BC9F69D0026829C /* Products */;
			projectDirPath = "";
			projectRoot = "";
			targets = (
				3A02A3732BC9F69D0026829C /* Mood swings */,
			);
		};
/* End PBXProject section */

/* Begin PBXResourcesBuildPhase section */
		3A02A3722BC9F69D0026829C /* Resources */ = {
			isa = PBXResourcesBuildPhase;
			buildActionMask = 2147483647;
			files = (
				3A02A37F2BC9F6A00026829C /* Preview Assets.xcassets in Resources */,
				3A02A37C2BC9F6A00026829C /* Assets.xcassets in Resources */,
			);
			runOnlyForDeploymentPostprocessing = 0;
		};
/* End PBXResourcesBuildPhase section */

/* Begin PBXSourcesBuildPhase section */
		3A02A3702BC9F69D0026829C /* Sources */ = {
			isa = PBXSourcesBuildPhase;
			buildActionMask = 2147483647;
			files = (
				3A8246912BF10C4A001FC8B1 /* EditJournalEntryView.swift in Sources */,
				3AFE11962BE7E1BF0090CEDC /* JournalEntryRowView.swift in Sources */,
				3A02A3862BCC07640026829C /* JournalEntry.swift in Sources */,
				3A8246932BF3CB43001FC8B1 /* ChartsView.swift in Sources */,
				3A02A37A2BC9F69D0026829C /* JournalEntriesListView.swift in Sources */,
				3A8246992BF3CCBD001FC8B1 /* ContentView.swift in Sources */,
				3AFE11942BE6A70B0090CEDC /* JournalEntryDetailView.swift in Sources */,
				3A02A3782BC9F69D0026829C /* Mood_swingsApp.swift in Sources */,
				3A82469B2BF41CEA001FC8B1 /* AdviceView.swift in Sources */,
				3A82468F2BEFFBC4001FC8B1 /* CreateJournalEntryView.swift in Sources */,
			);
			runOnlyForDeploymentPostprocessing = 0;
		};
/* End PBXSourcesBuildPhase section */

/* Begin XCBuildConfiguration section */
		3A02A3802BC9F6A00026829C /* Debug */ = {
			isa = XCBuildConfiguration;
			buildSettings = {
				ALWAYS_SEARCH_USER_PATHS = NO;
				ASSETCATALOG_COMPILER_GENERATE_SWIFT_ASSET_SYMBOL_EXTENSIONS = YES;
				CLANG_ANALYZER_NONNULL = YES;
				CLANG_ANALYZER_NUMBER_OBJECT_CONVERSION = YES_AGGRESSIVE;
				CLANG_CXX_LANGUAGE_STANDARD = "gnu++20";
				CLANG_ENABLE_MODULES = YES;
				CLANG_ENABLE_OBJC_ARC = YES;
				CLANG_ENABLE_OBJC_WEAK = YES;
				CLANG_WARN_BLOCK_CAPTURE_AUTORELEASING = YES;
				CLANG_WARN_BOOL_CONVERSION = YES;
				CLANG_WARN_COMMA = YES;
				CLANG_WARN_CONSTANT_CONVERSION = YES;
				CLANG_WARN_DEPRECATED_OBJC_IMPLEMENTATIONS = YES;
				CLANG_WARN_DIRECT_OBJC_ISA_USAGE = YES_ERROR;
				CLANG_WARN_DOCUMENTATION_COMMENTS = YES;
				CLANG_WARN_EMPTY_BODY = YES;
				CLANG_WARN_ENUM_CONVERSION = YES;
				CLANG_WARN_INFINITE_RECURSION = YES;
				CLANG_WARN_INT_CONVERSION = YES;
				CLANG_WARN_NON_LITERAL_NULL_CONVERSION = YES;
				CLANG_WARN_OBJC_IMPLICIT_RETAIN_SELF = YES;
				CLANG_WARN_OBJC_LITERAL_CONVERSION = YES;
				CLANG_WARN_OBJC_ROOT_CLASS = YES_ERROR;
				CLANG_WARN_QUOTED_INCLUDE_IN_FRAMEWORK_HEADER = YES;
				CLANG_WARN_RANGE_LOOP_ANALYSIS = YES;
				CLANG_WARN_STRICT_PROTOTYPES = YES;
				CLANG_WARN_SUSPICIOUS_MOVE = YES;
				CLANG_WARN_UNGUARDED_AVAILABILITY = YES_AGGRESSIVE;
				CLANG_WARN_UNREACHABLE_CODE = YES;
				CLANG_WARN__DUPLICATE_METHOD_MATCH = YES;
				COPY_PHASE_STRIP = NO;
				DEBUG_INFORMATION_FORMAT = dwarf;
				ENABLE_STRICT_OBJC_MSGSEND = YES;
				ENABLE_TESTABILITY = YES;
				ENABLE_USER_SCRIPT_SANDBOXING = YES;
				GCC_C_LANGUAGE_STANDARD = gnu17;
				GCC_DYNAMIC_NO_PIC = NO;
				GCC_NO_COMMON_BLOCKS = YES;
				GCC_OPTIMIZATION_LEVEL = 0;
				GCC_PREPROCESSOR_DEFINITIONS = (
					"DEBUG=1",
					"$(inherited)",
				);
				GCC_WARN_64_TO_32_BIT_CONVERSION = YES;
				GCC_WARN_ABOUT_RETURN_TYPE = YES_ERROR;
				GCC_WARN_UNDECLARED_SELECTOR = YES;
				GCC_WARN_UNINITIALIZED_AUTOS = YES_AGGRESSIVE;
				GCC_WARN_UNUSED_FUNCTION = YES;
				GCC_WARN_UNUSED_VARIABLE = YES;
				IPHONEOS_DEPLOYMENT_TARGET = 17.2;
				LOCALIZATION_PREFERS_STRING_CATALOGS = YES;
				MTL_ENABLE_DEBUG_INFO = INCLUDE_SOURCE;
				MTL_FAST_MATH = YES;
				ONLY_ACTIVE_ARCH = YES;
				SDKROOT = iphoneos;
				SWIFT_ACTIVE_COMPILATION_CONDITIONS = "DEBUG $(inherited)";
				SWIFT_OPTIMIZATION_LEVEL = "-Onone";
			};
			name = Debug;
		};
		3A02A3812BC9F6A00026829C /* Release */ = {
			isa = XCBuildConfiguration;
			buildSettings = {
				ALWAYS_SEARCH_USER_PATHS = NO;
				ASSETCATALOG_COMPILER_GENERATE_SWIFT_ASSET_SYMBOL_EXTENSIONS = YES;
				CLANG_ANALYZER_NONNULL = YES;
				CLANG_ANALYZER_NUMBER_OBJECT_CONVERSION = YES_AGGRESSIVE;
				CLANG_CXX_LANGUAGE_STANDARD = "gnu++20";
				CLANG_ENABLE_MODULES = YES;
				CLANG_ENABLE_OBJC_ARC = YES;
				CLANG_ENABLE_OBJC_WEAK = YES;
				CLANG_WARN_BLOCK_CAPTURE_AUTORELEASING = YES;
				CLANG_WARN_BOOL_CONVERSION = YES;
				CLANG_WARN_COMMA = YES;
				CLANG_WARN_CONSTANT_CONVERSION = YES;
				CLANG_WARN_DEPRECATED_OBJC_IMPLEMENTATIONS = YES;
				CLANG_WARN_DIRECT_OBJC_ISA_USAGE = YES_ERROR;
				CLANG_WARN_DOCUMENTATION_COMMENTS = YES;
				CLANG_WARN_EMPTY_BODY = YES;
				CLANG_WARN_ENUM_CONVERSION = YES;
				CLANG_WARN_INFINITE_RECURSION = YES;
				CLANG_WARN_INT_CONVERSION = YES;
				CLANG_WARN_NON_LITERAL_NULL_CONVERSION = YES;
				CLANG_WARN_OBJC_IMPLICIT_RETAIN_SELF = YES;
				CLANG_WARN_OBJC_LITERAL_CONVERSION = YES;
				CLANG_WARN_OBJC_ROOT_CLASS = YES_ERROR;
				CLANG_WARN_QUOTED_INCLUDE_IN_FRAMEWORK_HEADER = YES;
				CLANG_WARN_RANGE_LOOP_ANALYSIS = YES;
				CLANG_WARN_STRICT_PROTOTYPES = YES;
				CLANG_WARN_SUSPICIOUS_MOVE = YES;
				CLANG_WARN_UNGUARDED_AVAILABILITY = YES_AGGRESSIVE;
				CLANG_WARN_UNREACHABLE_CODE = YES;
				CLANG_WARN__DUPLICATE_METHOD_MATCH = YES;
				COPY_PHASE_STRIP = NO;
				DEBUG_INFORMATION_FORMAT = "dwarf-with-dsym";
				ENABLE_NS_ASSERTIONS = NO;
				ENABLE_STRICT_OBJC_MSGSEND = YES;
				ENABLE_USER_SCRIPT_SANDBOXING = YES;
				GCC_C_LANGUAGE_STANDARD = gnu17;
				GCC_NO_COMMON_BLOCKS = YES;
				GCC_WARN_64_TO_32_BIT_CONVERSION = YES;
				GCC_WARN_ABOUT_RETURN_TYPE = YES_ERROR;
				GCC_WARN_UNDECLARED_SELECTOR = YES;
				GCC_WARN_UNINITIALIZED_AUTOS = YES_AGGRESSIVE;
				GCC_WARN_UNUSED_FUNCTION = YES;
				GCC_WARN_UNUSED_VARIABLE = YES;
				IPHONEOS_DEPLOYMENT_TARGET = 17.2;
				LOCALIZATION_PREFERS_STRING_CATALOGS = YES;
				MTL_ENABLE_DEBUG_INFO = NO;
				MTL_FAST_MATH = YES;
				SDKROOT = iphoneos;
				SWIFT_COMPILATION_MODE = wholemodule;
				VALIDATE_PRODUCT = YES;
			};
			name = Release;
		};
		3A02A3832BC9F6A00026829C /* Debug */ = {
			isa = XCBuildConfiguration;
			buildSettings = {
				ASSETCATALOG_COMPILER_APPICON_NAME = AppIcon;
				ASSETCATALOG_COMPILER_GLOBAL_ACCENT_COLOR_NAME = AccentColor;
				CODE_SIGN_STYLE = Automatic;
				CURRENT_PROJECT_VERSION = 1;
				DEVELOPMENT_ASSET_PATHS = "\"Mood swings/Preview Content\"";
				ENABLE_PREVIEWS = YES;
				GENERATE_INFOPLIST_FILE = YES;
				INFOPLIST_KEY_UIApplicationSceneManifest_Generation = YES;
				INFOPLIST_KEY_UIApplicationSupportsIndirectInputEvents = YES;
				INFOPLIST_KEY_UILaunchScreen_Generation = YES;
				INFOPLIST_KEY_UISupportedInterfaceOrientations_iPad = "UIInterfaceOrientationPortrait UIInterfaceOrientationPortraitUpsideDown UIInterfaceOrientationLandscapeLeft UIInterfaceOrientationLandscapeRight";
				INFOPLIST_KEY_UISupportedInterfaceOrientations_iPhone = "UIInterfaceOrientationPortrait UIInterfaceOrientationLandscapeLeft UIInterfaceOrientationLandscapeRight";
				LD_RUNPATH_SEARCH_PATHS = (
					"$(inherited)",
					"@executable_path/Frameworks",
				);
				MARKETING_VERSION = 1.0;
				PRODUCT_BUNDLE_IDENTIFIER = "BexultanShalabayev.Mood-swings";
				PRODUCT_NAME = "$(TARGET_NAME)";
				SWIFT_EMIT_LOC_STRINGS = YES;
				SWIFT_VERSION = 5.0;
				TARGETED_DEVICE_FAMILY = "1,2";
			};
			name = Debug;
		};
		3A02A3842BC9F6A00026829C /* Release */ = {
			isa = XCBuildConfiguration;
			buildSettings = {
				ASSETCATALOG_COMPILER_APPICON_NAME = AppIcon;
				ASSETCATALOG_COMPILER_GLOBAL_ACCENT_COLOR_NAME = AccentColor;
				CODE_SIGN_STYLE = Automatic;
				CURRENT_PROJECT_VERSION = 1;
				DEVELOPMENT_ASSET_PATHS = "\"Mood swings/Preview Content\"";
				ENABLE_PREVIEWS = YES;
				GENERATE_INFOPLIST_FILE = YES;
				INFOPLIST_KEY_UIApplicationSceneManifest_Generation = YES;
				INFOPLIST_KEY_UIApplicationSupportsIndirectInputEvents = YES;
				INFOPLIST_KEY_UILaunchScreen_Generation = YES;
				INFOPLIST_KEY_UISupportedInterfaceOrientations_iPad = "UIInterfaceOrientationPortrait UIInterfaceOrientationPortraitUpsideDown UIInterfaceOrientationLandscapeLeft UIInterfaceOrientationLandscapeRight";
				INFOPLIST_KEY_UISupportedInterfaceOrientations_iPhone = "UIInterfaceOrientationPortrait UIInterfaceOrientationLandscapeLeft UIInterfaceOrientationLandscapeRight";
				LD_RUNPATH_SEARCH_PATHS = (
					"$(inherited)",
					"@executable_path/Frameworks",
				);
				MARKETING_VERSION = 1.0;
				PRODUCT_BUNDLE_IDENTIFIER = "BexultanShalabayev.Mood-swings";
				PRODUCT_NAME = "$(TARGET_NAME)";
				SWIFT_EMIT_LOC_STRINGS = YES;
				SWIFT_VERSION = 5.0;
				TARGETED_DEVICE_FAMILY = "1,2";
			};
			name = Release;
		};
/* End XCBuildConfiguration section */

/* Begin XCConfigurationList section */
		3A02A36F2BC9F69D0026829C /* Build configuration list for PBXProject "Mood swings" */ = {
			isa = XCConfigurationList;
			buildConfigurations = (
				3A02A3802BC9F6A00026829C /* Debug */,
				3A02A3812BC9F6A00026829C /* Release */,
			);
			defaultConfigurationIsVisible = 0;
			defaultConfigurationName = Release;
		};
		3A02A3822BC9F6A00026829C /* Build configuration list for PBXNativeTarget "Mood swings" */ = {
			isa = XCConfigurationList;
			buildConfigurations = (
				3A02A3832BC9F6A00026829C /* Debug */,
				3A02A3842BC9F6A00026829C /* Release */,
			);
			defaultConfigurationIsVisible = 0;
			defaultConfigurationName = Release;
		};
/* End XCConfigurationList section */
	};
	rootObject = 3A02A36C2BC9F69D0026829C /* Project object */;
}
